# generated by rye
# use `rye lock` or `rye sync` to update this lockfile
#
# last locked with the following flags:
#   pre: false
#   features: []
#   all-features: false
#   with-sources: false
#   generate-hashes: false
#   universal: false

-e file:.
absl-py==2.4.0
    # via optax
adagio==0.2.6
    # via fugue
adbc-driver-manager==1.11.0
    # via adbc-driver-sqlite
    # via polars
adbc-driver-sqlite==1.11.0
    # via polars
aiofiles==25.1.0
    # via kedro-viz
aiohappyeyeballs==2.6.1
    # via aiohttp
aiohttp==3.13.5
    # via aiohttp-cors
    # via fsspec
    # via ray
aiohttp-cors==0.8.1
    # via ray
aiosignal==1.4.0
    # via aiohttp
alembic==1.18.4
    # via optuna
altair==6.0.0
    # via altair-tiles
    # via polars
    # via streamlit
    # via vn1-sales-forecast
altair-tiles==0.4.0
    # via altair
annotated-doc==0.0.4
    # via fastapi
    # via typer
annotated-types==0.7.0
    # via pydantic
antlr4-python3-runtime==4.9.3
    # via omegaconf
antropy==0.2.2
    # via tsfeatures
anyio==4.13.0
    # via httpx
    # via starlette
    # via watchfiles
anywidget==0.10.0
    # via altair
appdirs==1.4.4
    # via kedro-telemetry
arch==8.0.0
    # via tsfeatures
arro3-core==0.8.0
    # via deltalake
    # via vegafusion
arrow==1.4.0
    # via cookiecutter
asttokens==3.0.1
    # via stack-data
async-timeout==5.0.1
    # via aiohttp
attrs==26.1.0
    # via aiohttp
    # via jsonschema
    # via kedro
    # via referencing
babel==2.18.0
    # via great-tables
binaryornot==0.6.0
    # via cookiecutter
blinker==1.9.0
    # via streamlit
bottle==0.13.4
    # via optuna-dashboard
build==1.4.3
    # via kedro
cachetools==6.2.6
    # via kedro
    # via pyiceberg
    # via streamlit
certifi==2026.2.25
    # via httpcore
    # via httpx
    # via requests
cffi==2.0.0
    # via clarabel
    # via cryptography
charset-normalizer==3.4.7
    # via requests
clarabel==0.11.1
    # via qpsolvers
click==8.3.2
    # via click-default-group
    # via cookiecutter
    # via kedro
    # via mercantile
    # via pyiceberg
    # via ray
    # via streamlit
    # via typer
    # via uvicorn
click-default-group==1.2.4
    # via kedro-viz
cloudpickle==3.1.2
    # via hyperopt
    # via mlforecast
    # via polars
    # via statsforecast
colorful==0.5.8
    # via ray
colorlog==6.10.1
    # via optuna
comm==0.2.3
    # via ipywidgets
commonmark==0.9.1
    # via great-tables
connectorx==0.4.5
    # via polars
contourpy==1.3.2
    # via matplotlib
cookiecutter==2.7.1
    # via kedro
coreforecast==0.0.17
    # via mlforecast
    # via neuralforecast
    # via statsforecast
cross-web==0.6.0
    # via strawberry-graphql
cryptography==46.0.7
    # via google-auth
cuda-bindings==13.2.0
    # via torch
cuda-pathfinder==1.5.2
    # via cuda-bindings
cuda-toolkit==13.0.2
    # via torch
cycler==0.12.1
    # via matplotlib
decorator==5.2.1
    # via ipython
deltalake==1.5.0
    # via polars
deprecated==1.3.1
    # via deltalake
distlib==0.4.0
    # via virtualenv
dynaconf==3.2.13
    # via kedro
et-xmlfile==2.0.0
    # via openpyxl
exceptiongroup==1.3.1
    # via anyio
    # via ipython
executing==2.2.1
    # via stack-data
faicons==0.2.2
    # via great-tables
fastapi==0.135.3
    # via kedro-viz
fastexcel==0.19.0
    # via polars
filelock==3.25.2
    # via huggingface-hub
    # via python-discovery
    # via ray
    # via torch
    # via virtualenv
fonttools==4.62.1
    # via matplotlib
frozenlist==1.8.0
    # via aiohttp
    # via aiosignal
fsspec==2026.3.0
    # via huggingface-hub
    # via kedro
    # via kedro-viz
    # via mlforecast
    # via neuralforecast
    # via polars
    # via pyiceberg
    # via pytorch-lightning
    # via ray
    # via torch
    # via triad
fugue==0.9.7
    # via statsforecast
future==1.0.0
    # via hyperopt
gevent==26.4.0
    # via polars
gitdb==4.0.12
    # via gitpython
gitpython==3.1.46
    # via kedro
    # via streamlit
google-api-core==2.30.3
    # via opencensus
google-auth==2.49.2
    # via google-api-core
googleapis-common-protos==1.74.0
    # via google-api-core
graphql-core==3.2.8
    # via strawberry-graphql
great-tables==0.21.0
    # via polars
greenlet==3.4.0
    # via gevent
    # via sqlalchemy
grpcio==1.80.0
    # via ray
h11==0.16.0
    # via httpcore
    # via uvicorn
hf-xet==1.4.3
    # via huggingface-hub
hierarchicalforecast==1.5.1
    # via vn1-sales-forecast
holidays==0.94
    # via vn1-sales-forecast
htmltools==0.6.0
    # via faicons
    # via great-tables
httpcore==1.0.9
    # via httpx
httptools==0.7.1
    # via uvicorn
httpx==0.28.1
    # via huggingface-hub
huggingface-hub==1.10.2
    # via timesfm
hyperopt==0.2.7
    # via vn1-sales-forecast
idna==3.11
    # via anyio
    # via httpx
    # via requests
    # via yarl
importlib-metadata==8.7.1
    # via great-tables
    # via kedro
    # via opentelemetry-api
importlib-resources==6.5.2
    # via adbc-driver-sqlite
    # via great-tables
    # via kedro
ipython==8.39.0
    # via ipywidgets
    # via kedro-viz
ipywidgets==8.1.8
    # via anywidget
jax==0.6.2
    # via optax
    # via vn1-sales-forecast
jaxlib==0.6.2
    # via jax
    # via optax
jedi==0.19.2
    # via ipython
jinja2==3.1.6
    # via altair
    # via cookiecutter
    # via pydeck
    # via torch
joblib==1.5.3
    # via scikit-learn
jsonschema==4.26.0
    # via altair
    # via ray
jsonschema-specifications==2025.9.1
    # via jsonschema
jupyterlab-widgets==3.0.16
    # via ipywidgets
kedro==0.19.8
    # via kedro-datasets
    # via kedro-telemetry
    # via kedro-viz
    # via vn1-sales-forecast
kedro-datasets==7.0.0
    # via vn1-sales-forecast
kedro-telemetry==0.7.0
    # via kedro
    # via kedro-viz
kedro-viz==11.1.0
    # via vn1-sales-forecast
kiwisolver==1.5.0
    # via matplotlib
lazy-loader==0.5
    # via kedro-datasets
lightgbm==4.5.0
    # via vn1-sales-forecast
lightning-utilities==0.15.3
    # via pytorch-lightning
    # via torchmetrics
llvmlite==0.47.0
    # via numba
mako==1.3.10
    # via alembic
markdown-it-py==4.0.0
    # via rich
markupsafe==3.0.3
    # via jinja2
    # via mako
matplotlib==3.10.8
    # via hierarchicalforecast
    # via polars
    # via seaborn
matplotlib-inline==0.2.1
    # via ipython
mdurl==0.1.2
    # via markdown-it-py
mercantile==1.2.1
    # via altair-tiles
ml-dtypes==0.5.4
    # via jax
    # via jaxlib
mlforecast==1.0.31
    # via vn1-sales-forecast
mmh3==5.2.1
    # via pyiceberg
more-itertools==11.0.2
    # via kedro
mpmath==1.3.0
    # via sympy
msgpack==1.1.2
    # via ray
multidict==6.7.1
    # via aiohttp
    # via yarl
narwhals==2.19.0
    # via altair
    # via hierarchicalforecast
    # via mlforecast
    # via plotly
    # via scikit-lego
    # via utilsforecast
    # via vegafusion
networkx==3.4.2
    # via hyperopt
    # via kedro-viz
    # via torch
neuralforecast==1.7.4
    # via vn1-sales-forecast
numba==0.65.0
    # via antropy
    # via statsforecast
numpy==2.2.6
    # via altair
    # via antropy
    # via arch
    # via clarabel
    # via contourpy
    # via coreforecast
    # via hierarchicalforecast
    # via hyperopt
    # via jax
    # via jaxlib
    # via lightgbm
    # via matplotlib
    # via ml-dtypes
    # via neuralforecast
    # via numba
    # via optax
    # via optuna
    # via pandas
    # via patsy
    # via polars
    # via pydeck
    # via qpsolvers
    # via ruptures
    # via scikit-learn
    # via scipy
    # via seaborn
    # via statsforecast
    # via statsmodels
    # via streamlit
    # via tensorboardx
    # via timesfm
    # via torchmetrics
    # via triad
    # via utilsforecast
    # via vn1-sales-forecast
    # via xgboost
nvidia-cublas==13.1.0.3
    # via cuda-toolkit
    # via nvidia-cudnn-cu13
    # via nvidia-cusolver
nvidia-cuda-cupti==13.0.85
    # via cuda-toolkit
nvidia-cuda-nvrtc==13.0.88
    # via cuda-toolkit
nvidia-cuda-runtime==13.0.96
    # via cuda-toolkit
nvidia-cudnn-cu13==9.19.0.56
    # via torch
nvidia-cufft==12.0.0.61
    # via cuda-toolkit
nvidia-cufile==1.15.1.6
    # via cuda-toolkit
nvidia-curand==10.4.0.35
    # via cuda-toolkit
nvidia-cusolver==12.0.4.66
    # via cuda-toolkit
nvidia-cusparse==12.6.3.3
    # via cuda-toolkit
    # via nvidia-cusolver
nvidia-cusparselt-cu13==0.8.0
    # via torch
nvidia-nccl-cu12==2.29.7
    # via xgboost
nvidia-nccl-cu13==2.28.9
    # via torch
nvidia-nvjitlink==13.0.88
    # via cuda-toolkit
    # via nvidia-cufft
    # via nvidia-cusolver
    # via nvidia-cusparse
nvidia-nvshmem-cu13==3.4.5
    # via torch
nvidia-nvtx==13.0.85
    # via cuda-toolkit
omegaconf==2.3.0
    # via kedro
opencensus==0.11.4
    # via ray
opencensus-context==0.1.3
    # via opencensus
openpyxl==3.1.5
    # via polars
opentelemetry-api==1.41.0
    # via opentelemetry-exporter-prometheus
    # via opentelemetry-sdk
    # via opentelemetry-semantic-conventions
opentelemetry-exporter-prometheus==0.62b0
    # via ray
opentelemetry-proto==1.41.0
    # via ray
opentelemetry-sdk==1.41.0
    # via opentelemetry-exporter-prometheus
    # via ray
opentelemetry-semantic-conventions==0.62b0
    # via opentelemetry-sdk
opt-einsum==3.4.0
    # via jax
optax==0.2.8
    # via vn1-sales-forecast
optuna==4.8.0
    # via mlforecast
    # via neuralforecast
    # via optuna-dashboard
    # via vn1-sales-forecast
optuna-dashboard==0.20.0
    # via vn1-sales-forecast
orjson==3.11.8
    # via kedro-viz
packaging==26.0
    # via altair
    # via arch
    # via build
    # via htmltools
    # via huggingface-hub
    # via kedro-viz
    # via lazy-loader
    # via lightning-utilities
    # via matplotlib
    # via optuna
    # via plotly
    # via pytoolconfig
    # via pytorch-lightning
    # via ray
    # via statsmodels
    # via strawberry-graphql
    # via streamlit
    # via tensorboardx
    # via torchmetrics
    # via utilsforecast
    # via vegafusion
pandas==2.3.3
    # via adbc-driver-manager
    # via adbc-driver-sqlite
    # via altair
    # via arch
    # via fugue
    # via hierarchicalforecast
    # via kedro-viz
    # via mlforecast
    # via neuralforecast
    # via polars
    # via ray
    # via scikit-lego
    # via seaborn
    # via statsforecast
    # via statsmodels
    # via streamlit
    # via triad
    # via tsfeatures
    # via utilsforecast
    # via vn1-sales-forecast
parse==1.21.1
    # via kedro
parso==0.8.6
    # via jedi
pathspec==1.0.4
    # via kedro-viz
patsy==1.0.2
    # via statsmodels
pexpect==4.9.0
    # via ipython
pillow==12.2.0
    # via matplotlib
    # via streamlit
platformdirs==4.9.6
    # via python-discovery
    # via pytoolconfig
    # via virtualenv
plotly==6.7.0
    # via kedro-viz
pluggy==1.6.0
    # via kedro
polars==1.39.3
    # via vn1-sales-forecast
polars-runtime-32==1.39.3
    # via polars
pre-commit-hooks==6.0.0
    # via kedro
prometheus-client==0.25.0
    # via opentelemetry-exporter-prometheus
    # via ray
prompt-toolkit==3.0.52
    # via ipython
propcache==0.4.1
    # via aiohttp
    # via yarl
proto-plus==1.27.2
    # via google-api-core
protobuf==6.33.6
    # via google-api-core
    # via googleapis-common-protos
    # via opentelemetry-proto
    # via proto-plus
    # via ray
    # via streamlit
    # via tensorboardx
psygnal==0.15.1
    # via anywidget
ptyprocess==0.7.0
    # via pexpect
pure-eval==0.2.3
    # via stack-data
py-spy==0.4.1
    # via ray
py4j==0.10.9.9
    # via hyperopt
pyarrow==23.0.1
    # via adbc-driver-manager
    # via adbc-driver-sqlite
    # via altair
    # via polars
    # via ray
    # via streamlit
    # via triad
pyasn1==0.6.3
    # via pyasn1-modules
pyasn1-modules==0.4.2
    # via google-auth
pycparser==3.0
    # via cffi
pydantic==2.13.0
    # via fastapi
    # via kedro-viz
    # via polars
    # via pyiceberg
    # via ray
pydantic-core==2.46.0
    # via pydantic
pydeck==0.9.1
    # via streamlit
pygments==2.20.0
    # via ipython
    # via rich
pyiceberg==0.11.1
    # via polars
pyparsing==3.3.2
    # via matplotlib
    # via pyiceberg
pyproject-hooks==1.2.0
    # via build
pyroaring==1.0.4
    # via pyiceberg
python-dateutil==2.9.0.post0
    # via arrow
    # via holidays
    # via matplotlib
    # via pandas
    # via strawberry-graphql
    # via strictyaml
python-discovery==1.2.2
    # via virtualenv
python-dotenv==1.2.2
    # via uvicorn
python-slugify==8.0.4
    # via cookiecutter
pytoolconfig==1.3.1
    # via rope
pytorch-lightning==2.6.1
    # via neuralforecast
pytz==2026.1.post1
    # via pandas
pyyaml==6.0.3
    # via cookiecutter
    # via huggingface-hub
    # via kedro
    # via omegaconf
    # via optuna
    # via pytorch-lightning
    # via ray
    # via uvicorn
qpsolvers==4.11.0
    # via hierarchicalforecast
ray==2.54.1
    # via neuralforecast
    # via vn1-sales-forecast
referencing==0.37.0
    # via jsonschema
    # via jsonschema-specifications
requests==2.33.1
    # via cookiecutter
    # via google-api-core
    # via kedro-telemetry
    # via pyiceberg
    # via ray
    # via streamlit
rich==13.9.4
    # via cookiecutter
    # via kedro
    # via pyiceberg
    # via typer
rope==1.14.0
    # via kedro
rpds-py==0.30.0
    # via jsonschema
    # via referencing
ruamel-yaml==0.19.1
    # via pre-commit-hooks
ruptures==1.1.10
    # via vn1-sales-forecast
safetensors==0.7.0
    # via timesfm
scikit-learn==1.6.1
    # via antropy
    # via hierarchicalforecast
    # via mlforecast
    # via scikit-lego
    # via sklearn-compat
    # via tsfeatures
    # via vn1-sales-forecast
scikit-lego==0.9.8
    # via vn1-sales-forecast
scipy==1.15.3
    # via antropy
    # via arch
    # via clarabel
    # via hyperopt
    # via jax
    # via jaxlib
    # via lightgbm
    # via qpsolvers
    # via ruptures
    # via scikit-learn
    # via statsforecast
    # via statsmodels
    # via xgboost
seaborn==0.13.2
    # via vn1-sales-forecast
secure==1.0.1
    # via kedro-viz
setuptools==81.0.0
    # via torch
shellingham==1.5.4
    # via typer
six==1.17.0
    # via hyperopt
    # via opencensus
    # via python-dateutil
    # via triad
sklearn-compat==0.1.5
    # via scikit-lego
smart-open==7.6.0
    # via ray
smmap==5.0.3
    # via gitdb
sqlalchemy==2.0.49
    # via alembic
    # via kedro-viz
    # via optuna
    # via polars
stack-data==0.6.3
    # via ipython
starlette==1.0.0
    # via fastapi
statsforecast==2.0.3
    # via vn1-sales-forecast
statsmodels==0.14.6
    # via arch
    # via statsforecast
    # via tsfeatures
strawberry-graphql==0.314.3
    # via kedro-viz
streamlit==1.56.0
    # via vn1-sales-forecast
strictyaml==1.7.3
    # via pyiceberg
supersmoother==0.4
    # via tsfeatures
sympy==1.14.0
    # via torch
tenacity==9.1.4
    # via pyiceberg
    # via streamlit
tensorboardx==2.6.5
    # via ray
text-unidecode==1.3
    # via python-slugify
threadpoolctl==3.6.0
    # via scikit-learn
    # via statsforecast
timesfm @ git+https://github.com/google-research/timesfm.git@d720daa6786539c2566a44464fbda1019c0a82c0
    # via vn1-sales-forecast
toml==0.10.2
    # via kedro
    # via streamlit
tomli==2.4.1
    # via alembic
    # via build
    # via kedro-telemetry
    # via optuna-dashboard
    # via pre-commit-hooks
    # via pytoolconfig
tomli-w==1.2.0
    # via kedro-telemetry
torch==2.11.0
    # via neuralforecast
    # via pytorch-lightning
    # via torchmetrics
torchmetrics==1.9.0
    # via pytorch-lightning
tornado==6.5.5
    # via streamlit
tqdm==4.67.3
    # via huggingface-hub
    # via hyperopt
    # via optuna
    # via pytorch-lightning
    # via statsforecast
    # via vn1-sales-forecast
traitlets==5.14.3
    # via ipython
    # via ipywidgets
    # via matplotlib-inline
triad==1.0.2
    # via adagio
    # via fugue
triton==3.6.0
    # via torch
tsfeatures==0.4.5
    # via vn1-sales-forecast
typer==0.24.1
    # via huggingface-hub
typing-extensions==4.15.0
    # via adbc-driver-manager
    # via aiosignal
    # via alembic
    # via altair
    # via anyio
    # via anywidget
    # via arro3-core
    # via cross-web
    # via cryptography
    # via exceptiongroup
    # via fastapi
    # via great-tables
    # via grpcio
    # via htmltools
    # via huggingface-hub
    # via ipython
    # via kedro
    # via lightning-utilities
    # via multidict
    # via opentelemetry-api
    # via opentelemetry-sdk
    # via opentelemetry-semantic-conventions
    # via pydantic
    # via pydantic-core
    # via pytorch-lightning
    # via referencing
    # via rich
    # via sqlalchemy
    # via starlette
    # via strawberry-graphql
    # via streamlit
    # via torch
    # via typing-inspection
    # via uvicorn
    # via virtualenv
typing-inspection==0.4.2
    # via fastapi
    # via pydantic
tzdata==2026.1
    # via arrow
    # via pandas
urllib3==2.6.3
    # via requests
utilsforecast==0.2.15
    # via hierarchicalforecast
    # via mlforecast
    # via neuralforecast
    # via statsforecast
uvicorn==0.44.0
    # via kedro-viz
uvloop==0.22.1
    # via uvicorn
vegafusion==2.0.3
    # via altair
virtualenv==21.2.3
    # via ray
vl-convert-python==1.9.0.post1
    # via altair
watchdog==6.0.0
    # via streamlit
    # via vn1-sales-forecast
watchfiles==1.1.1
    # via kedro-viz
    # via uvicorn
wcwidth==0.6.0
    # via prompt-toolkit
websockets==16.0
    # via uvicorn
widgetsnbextension==4.0.15
    # via ipywidgets
wrapt==2.1.2
    # via deprecated
    # via smart-open
xgboost==3.2.0
    # via vn1-sales-forecast
xlsx2csv==0.8.6
    # via polars
xlsxwriter==3.2.9
    # via polars
xyzservices==2026.3.0
    # via altair-tiles
yarl==1.23.0
    # via aiohttp
zipp==3.23.1
    # via importlib-metadata
zope-event==6.1
    # via gevent
zope-interface==8.3
    # via gevent
zstandard==0.25.0
    # via pyiceberg
